
Microsoft Visual Studio Solution File, Format Version 12.00
# Visual Studio Version 17
VisualStudioVersion = 17.3.32819.101
MinimumVisualStudioVersion = 10.0.40219.1
Project("{8BC9CEB8-8B4A-11D0-8D11-00A0C91BC942}") = "XOgamePlus", "XOgamePlus.vcxproj", "{3CC7E63B-E095-4CDB-887B-61D97DA381BE}"
EndProject
Global
	GlobalSection(SolutionConfigurationPlatforms) = preSolution
		Debug|x64 = Debug|x64
		Debug|x86 = Debug|x86
		Release|x64 = Release|x64
		Release|x86 = Release|x86
	EndGlobalSection
	GlobalSection(ProjectConfigurationPlatforms) = postSolution
		{3CC7E63B-E095-4CDB-887B-61D97DA381BE}.Debug|x64.ActiveCfg = Debug|x64
		{3CC7E63B-E095-4CDB-887B-61D97DA381BE}.Debug|x64.Build.0 = Debug|x64
		{3CC7E63B-E095-4CDB-887B-61D97DA381BE}.Debug|x86.ActiveCfg = Debug|Win32
		{3CC7E63B-E095-4CDB-887B-61D97DA381BE}.Debug|x86.Build.0 = Debug|Win32
		{3CC7E63B-E095-4CDB-887B-61D97DA381BE}.Release|x64.ActiveCfg = Release|x64
		{3CC7E63B-E095-4CDB-887B-61D97DA381BE}.Release|x64.Build.0 = Release|x64
		{3CC7E63B-E095-4CDB-887B-61D97DA381BE}.Release|x86.ActiveCfg = Release|Win32
		{3CC7E63B-E095-4CDB-887B-61D97DA381BE}.Release|x86.Build.0 = Release|Win32
	EndGlobalSection
	GlobalSection(SolutionProperties) = preSolution
		HideSolutionNode = FALSE
	EndGlobalSection
	GlobalSection(ExtensibilityGlobals) = postSolution
		SolutionGuid = {9D23FCA0-F8B5-4257-84DE-05A60016C8F2}
	EndGlobalSection
EndGlobal
